// !$*UTF8*$!
{
	archiveVersion = 1;
	classes = {
	};
	objectVersion = 46;
	objects = {

/* Begin PBXBuildFile section */
		0F9885811647AD7C005B5B5E /* UIKit.framework in Frameworks */ = {isa = PBXBuildFile; fileRef = 0F9885801647AD7C005B5B5E /* UIKit.framework */; };
		0F9885831647AD7C005B5B5E /* Foundation.framework in Frameworks */ = {isa = PBXBuildFile; fileRef = 0F9885821647AD7C005B5B5E /* Foundation.framework */; };
		0F9885851647AD7C005B5B5E /* CoreGraphics.framework in Frameworks */ = {isa = PBXBuildFile; fileRef = 0F9885841647AD7C005B5B5E /* CoreGraphics.framework */; };
		0F98858B1647AD7C005B5B5E /* InfoPlist.strings in Resources */ = {isa = PBXBuildFile; fileRef = 0F9885891647AD7C005B5B5E /* InfoPlist.strings */; };
		0F98858D1647AD7C005B5B5E /* main.m in Sources */ = {isa = PBXBuildFile; fileRef = 0F98858C1647AD7C005B5B5E /* main.m */; };
		0F9885911647AD7C005B5B5E /* AppDelegate.m in Sources */ = {isa = PBXBuildFile; fileRef = 0F9885901647AD7C005B5B5E /* AppDelegate.m */; };
		0F9886191647AEA3005B5B5E /* addM.png in Resources */ = {isa = PBXBuildFile; fileRef = 0F98859E1647AEA3005B5B5E /* addM.png */; };
		0F98861A1647AEA3005B5B5E /* buycar.png in Resources */ = {isa = PBXBuildFile; fileRef = 0F98859F1647AEA3005B5B5E /* buycar.png */; };
		0F98861B1647AEA3005B5B5E /* back.png in Resources */ = {isa = PBXBuildFile; fileRef = 0F9885A11647AEA3005B5B5E /* back.png */; };
		0F98861C1647AEA3005B5B5E /* cart.png in Resources */ = {isa = PBXBuildFile; fileRef = 0F9885A21647AEA3005B5B5E /* cart.png */; };
		0F98861D1647AEA3005B5B5E /* detailbutton.png in Resources */ = {isa = PBXBuildFile; fileRef = 0F9885A31647AEA3005B5B5E /* detailbutton.png */; };
		0F98861E1647AEA3005B5B5E /* jiankong.png in Resources */ = {isa = PBXBuildFile; fileRef = 0F9885A41647AEA3005B5B5E /* jiankong.png */; };
		0F98861F1647AEA3005B5B5E /* jianpan.png in Resources */ = {isa = PBXBuildFile; fileRef = 0F9885A51647AEA3005B5B5E /* jianpan.png */; };
		0F9886201647AEA3005B5B5E /* keep.png in Resources */ = {isa = PBXBuildFile; fileRef = 0F9885A61647AEA3005B5B5E /* keep.png */; };
		0F9886211647AEA3005B5B5E /* background_more.png in Resources */ = {isa = PBXBuildFile; fileRef = 0F9885A81647AEA3005B5B5E /* background_more.png */; };
		0F9886221647AEA3005B5B5E /* rightbutton_more.png in Resources */ = {isa = PBXBuildFile; fileRef = 0F9885A91647AEA3005B5B5E /* rightbutton_more.png */; };
		0F9886231647AEA3005B5B5E /* search_more.png in Resources */ = {isa = PBXBuildFile; fileRef = 0F9885AA1647AEA3005B5B5E /* search_more.png */; };
		0F9886241647AEA3005B5B5E /* search_more_1.png in Resources */ = {isa = PBXBuildFile; fileRef = 0F9885AB1647AEA3005B5B5E /* search_more_1.png */; };
		0F9886251647AEA3005B5B5E /* suffbutton_more.png in Resources */ = {isa = PBXBuildFile; fileRef = 0F9885AC1647AEA3005B5B5E /* suffbutton_more.png */; };
		0F9886261647AEA3005B5B5E /* notselected.png in Resources */ = {isa = PBXBuildFile; fileRef = 0F9885AD1647AEA3005B5B5E /* notselected.png */; };
		0F9886271647AEA3005B5B5E /* background_one.png in Resources */ = {isa = PBXBuildFile; fileRef = 0F9885AF1647AEA3005B5B5E /* background_one.png */; };
		0F9886281647AEA3005B5B5E /* backimage_one.png in Resources */ = {isa = PBXBuildFile; fileRef = 0F9885B01647AEA3005B5B5E /* backimage_one.png */; };
		0F9886291647AEA3005B5B5E /* button_one.png in Resources */ = {isa = PBXBuildFile; fileRef = 0F9885B11647AEA3005B5B5E /* button_one.png */; };
		0F98862A1647AEA3005B5B5E /* monit.png in Resources */ = {isa = PBXBuildFile; fileRef = 0F9885B21647AEA3005B5B5E /* monit.png */; };
		0F98862B1647AEA3005B5B5E /* result_one.png in Resources */ = {isa = PBXBuildFile; fileRef = 0F9885B31647AEA3005B5B5E /* result_one.png */; };
		0F98862C1647AEA3005B5B5E /* rightbutton.png in Resources */ = {isa = PBXBuildFile; fileRef = 0F9885B41647AEA3005B5B5E /* rightbutton.png */; };
		0F98862D1647AEA3005B5B5E /* seachbox.png in Resources */ = {isa = PBXBuildFile; fileRef = 0F9885B51647AEA3005B5B5E /* seachbox.png */; };
		0F98862E1647AEA3005B5B5E /* searchbar.png in Resources */ = {isa = PBXBuildFile; fileRef = 0F9885B61647AEA3005B5B5E /* searchbar.png */; };
		0F98862F1647AEA3005B5B5E /* selected.png in Resources */ = {isa = PBXBuildFile; fileRef = 0F9885B71647AEA3005B5B5E /* selected.png */; };
		0F9886301647AEA3005B5B5E /* top.png in Resources */ = {isa = PBXBuildFile; fileRef = 0F9885B81647AEA3005B5B5E /* top.png */; };
		0F9886311647AEA3005B5B5E /* denglu.png in Resources */ = {isa = PBXBuildFile; fileRef = 0F9885B91647AEA3005B5B5E /* denglu.png */; };
		0F9886321647AEA3005B5B5E /* domain_add.png in Resources */ = {isa = PBXBuildFile; fileRef = 0F9885BB1647AEA3005B5B5E /* domain_add.png */; };
		0F9886331647AEA3005B5B5E /* domain_addbutton.png in Resources */ = {isa = PBXBuildFile; fileRef = 0F9885BC1647AEA3005B5B5E /* domain_addbutton.png */; };
		0F9886341647AEA3005B5B5E /* domain_bt.png in Resources */ = {isa = PBXBuildFile; fileRef = 0F9885BD1647AEA3005B5B5E /* domain_bt.png */; };
		0F9886351647AEA3005B5B5E /* domain_change.png in Resources */ = {isa = PBXBuildFile; fileRef = 0F9885BE1647AEA3005B5B5E /* domain_change.png */; };
		0F9886361647AEA3005B5B5E /* domain_changebutton.png in Resources */ = {isa = PBXBuildFile; fileRef = 0F9885BF1647AEA3005B5B5E /* domain_changebutton.png */; };
		0F9886371647AEA3005B5B5E /* domain_delbutton.png in Resources */ = {isa = PBXBuildFile; fileRef = 0F9885C01647AEA3005B5B5E /* domain_delbutton.png */; };
		0F9886381647AEA3005B5B5E /* domain_head.png in Resources */ = {isa = PBXBuildFile; fileRef = 0F9885C11647AEA3005B5B5E /* domain_head.png */; };
		0F9886391647AEA3005B5B5E /* domain_topground.png in Resources */ = {isa = PBXBuildFile; fileRef = 0F9885C21647AEA3005B5B5E /* domain_topground.png */; };
		0F98863A1647AEA3005B5B5E /* fu1.png in Resources */ = {isa = PBXBuildFile; fileRef = 0F9885C31647AEA3005B5B5E /* fu1.png */; };
		0F98863B1647AEA3005B5B5E /* fu2.png in Resources */ = {isa = PBXBuildFile; fileRef = 0F9885C41647AEA3005B5B5E /* fu2.png */; };
		0F98863C1647AEA3005B5B5E /* fu3.png in Resources */ = {isa = PBXBuildFile; fileRef = 0F9885C51647AEA3005B5B5E /* fu3.png */; };
		0F98863D1647AEA3005B5B5E /* fu4.png in Resources */ = {isa = PBXBuildFile; fileRef = 0F9885C61647AEA3005B5B5E /* fu4.png */; };
		0F98863E1647AEA3005B5B5E /* fu5.png in Resources */ = {isa = PBXBuildFile; fileRef = 0F9885C71647AEA3005B5B5E /* fu5.png */; };
		0F98863F1647AEA3005B5B5E /* fu6.png in Resources */ = {isa = PBXBuildFile; fileRef = 0F9885C81647AEA3005B5B5E /* fu6.png */; };
		0F9886401647AEA3005B5B5E /* background_home.png in Resources */ = {isa = PBXBuildFile; fileRef = 0F9885CA1647AEA3005B5B5E /* background_home.png */; };
		0F9886411647AEA3005B5B5E /* check_home.png in Resources */ = {isa = PBXBuildFile; fileRef = 0F9885CB1647AEA3005B5B5E /* check_home.png */; };
		0F9886421647AEA3005B5B5E /* con_home.png in Resources */ = {isa = PBXBuildFile; fileRef = 0F9885CC1647AEA3005B5B5E /* con_home.png */; };
		0F9886431647AEA3005B5B5E /* exam_home.png in Resources */ = {isa = PBXBuildFile; fileRef = 0F9885CD1647AEA3005B5B5E /* exam_home.png */; };
		0F9886441647AEA3005B5B5E /* infor_home.png in Resources */ = {isa = PBXBuildFile; fileRef = 0F9885CE1647AEA3005B5B5E /* infor_home.png */; };
		0F9886451647AEA3005B5B5E /* monitor_home.png in Resources */ = {isa = PBXBuildFile; fileRef = 0F9885CF1647AEA3005B5B5E /* monitor_home.png */; };
		0F9886461647AEA3005B5B5E /* scoll_home.png in Resources */ = {isa = PBXBuildFile; fileRef = 0F9885D01647AEA3005B5B5E /* scoll_home.png */; };
		0F9886471647AEA3005B5B5E /* seting_home.png in Resources */ = {isa = PBXBuildFile; fileRef = 0F9885D11647AEA3005B5B5E /* seting_home.png */; };
		0F9886481647AEA3005B5B5E /* 按下.png in Resources */ = {isa = PBXBuildFile; fileRef = 0F9885D31647AEA3005B5B5E /* 按下.png */; };
		0F9886491647AEA3005B5B5E /* 按钮.png in Resources */ = {isa = PBXBuildFile; fileRef = 0F9885D41647AEA3005B5B5E /* 按钮.png */; };
		0F98864A1647AEA3005B5B5E /* 按钮2.png in Resources */ = {isa = PBXBuildFile; fileRef = 0F9885D51647AEA3005B5B5E /* 按钮2.png */; };
		0F98864B1647AEA3005B5B5E /* 文件.png in Resources */ = {isa = PBXBuildFile; fileRef = 0F9885D61647AEA3005B5B5E /* 文件.png */; };
		0F98864C1647AEA3005B5B5E /* 横条2.png in Resources */ = {isa = PBXBuildFile; fileRef = 0F9885D71647AEA3005B5B5E /* 横条2.png */; };
		0F98864D1647AEA3005B5B5E /* 横条背景.png in Resources */ = {isa = PBXBuildFile; fileRef = 0F9885D81647AEA3005B5B5E /* 横条背景.png */; };
		0F98864E1647AEA3005B5B5E /* login_background.png in Resources */ = {isa = PBXBuildFile; fileRef = 0F9885DA1647AEA3005B5B5E /* login_background.png */; };
		0F98864F1647AEA3005B5B5E /* login_box.png in Resources */ = {isa = PBXBuildFile; fileRef = 0F9885DB1647AEA3005B5B5E /* login_box.png */; };
		0F9886501647AEA3005B5B5E /* login_button.png in Resources */ = {isa = PBXBuildFile; fileRef = 0F9885DC1647AEA3005B5B5E /* login_button.png */; };
		0F9886511647AEA3005B5B5E /* login_down.png in Resources */ = {isa = PBXBuildFile; fileRef = 0F9885DD1647AEA3005B5B5E /* login_down.png */; };
		0F9886521647AEA3005B5B5E /* 叹号.png in Resources */ = {isa = PBXBuildFile; fileRef = 0F9885DE1647AEA3005B5B5E /* 叹号.png */; };
		0F9886531647AEA3005B5B5E /* 问号.png in Resources */ = {isa = PBXBuildFile; fileRef = 0F9885DF1647AEA3005B5B5E /* 问号.png */; };
		0F9886541647AEA3005B5B5E /* monitormore.png in Resources */ = {isa = PBXBuildFile; fileRef = 0F9885E01647AEA3005B5B5E /* monitormore.png */; };
		0F9886551647AEA3005B5B5E /* searchbg.png in Resources */ = {isa = PBXBuildFile; fileRef = 0F9885E11647AEA3005B5B5E /* searchbg.png */; };
		0F9886561647AEA3005B5B5E /* searchkkk.png in Resources */ = {isa = PBXBuildFile; fileRef = 0F9885E21647AEA3005B5B5E /* searchkkk.png */; };
		0F9886571647AEA3005B5B5E /* canceled.png in Resources */ = {isa = PBXBuildFile; fileRef = 0F9885E41647AEA3005B5B5E /* canceled.png */; };
		0F9886581647AEA3005B5B5E /* delete_history.png in Resources */ = {isa = PBXBuildFile; fileRef = 0F9885E51647AEA3005B5B5E /* delete_history.png */; };
		0F9886591647AEA3005B5B5E /* set_box.png in Resources */ = {isa = PBXBuildFile; fileRef = 0F9885E61647AEA3005B5B5E /* set_box.png */; };
		0F98865A1647AEA3005B5B5E /* set_chbutton.png in Resources */ = {isa = PBXBuildFile; fileRef = 0F9885E71647AEA3005B5B5E /* set_chbutton.png */; };
		0F98865B1647AEA3005B5B5E /* set_logo.png in Resources */ = {isa = PBXBuildFile; fileRef = 0F9885E81647AEA3005B5B5E /* set_logo.png */; };
		0F98865C1647AEA3005B5B5E /* set_refview.png in Resources */ = {isa = PBXBuildFile; fileRef = 0F9885E91647AEA3005B5B5E /* set_refview.png */; };
		0F98865D1647AEA3005B5B5E /* set_view.png in Resources */ = {isa = PBXBuildFile; fileRef = 0F9885EA1647AEA3005B5B5E /* set_view.png */; };
		0F98865E1647AEA3005B5B5E /* slogan.png in Resources */ = {isa = PBXBuildFile; fileRef = 0F9885EB1647AEA3005B5B5E /* slogan.png */; };
		0F98865F1647AEA3005B5B5E /* 多域名查询白框.png in Resources */ = {isa = PBXBuildFile; fileRef = 0F9885EC1647AEA3005B5B5E /* 多域名查询白框.png */; };
		0F9886601647AEA3005B5B5E /* suffix_background.png in Resources */ = {isa = PBXBuildFile; fileRef = 0F9885EE1647AEA3005B5B5E /* suffix_background.png */; };
		0F9886611647AEA3005B5B5E /* suffix_line.png in Resources */ = {isa = PBXBuildFile; fileRef = 0F9885EF1647AEA3005B5B5E /* suffix_line.png */; };
		0F9886621647AEA3005B5B5E /* suffix_notselected.png in Resources */ = {isa = PBXBuildFile; fileRef = 0F9885F01647AEA3005B5B5E /* suffix_notselected.png */; };
		0F9886631647AEA3005B5B5E /* suffix_selected.png in Resources */ = {isa = PBXBuildFile; fileRef = 0F9885F11647AEA3005B5B5E /* suffix_selected.png */; };
		0F9886641647AEA3005B5B5E /* smile.png in Resources */ = {isa = PBXBuildFile; fileRef = 0F9885F31647AEA3005B5B5E /* smile.png */; };
		0F9886651647AEA3005B5B5E /* test_button.png in Resources */ = {isa = PBXBuildFile; fileRef = 0F9885F41647AEA3005B5B5E /* test_button.png */; };
		0F9886661647AEA3005B5B5E /* test_detal.png in Resources */ = {isa = PBXBuildFile; fileRef = 0F9885F51647AEA3005B5B5E /* test_detal.png */; };
		0F9886671647AEA3005B5B5E /* test_graybutton.png in Resources */ = {isa = PBXBuildFile; fileRef = 0F9885F61647AEA3005B5B5E /* test_graybutton.png */; };
		0F9886681647AEA3005B5B5E /* test_ground.png in Resources */ = {isa = PBXBuildFile; fileRef = 0F9885F71647AEA3005B5B5E /* test_ground.png */; };
		0F9886691647AEA3005B5B5E /* test_jiankong.png in Resources */ = {isa = PBXBuildFile; fileRef = 0F9885F81647AEA3005B5B5E /* test_jiankong.png */; };
		0F98866A1647AEA3005B5B5E /* test_pickground.png in Resources */ = {isa = PBXBuildFile; fileRef = 0F9885F91647AEA3005B5B5E /* test_pickground.png */; };
		0F98866B1647AEA3005B5B5E /* test_return.png in Resources */ = {isa = PBXBuildFile; fileRef = 0F9885FA1647AEA3005B5B5E /* test_return.png */; };
		0F98866C1647AEA3005B5B5E /* test_seach.png in Resources */ = {isa = PBXBuildFile; fileRef = 0F9885FB1647AEA3005B5B5E /* test_seach.png */; };
		0F98866D1647AEA3005B5B5E /* test_seachback.png in Resources */ = {isa = PBXBuildFile; fileRef = 0F9885FC1647AEA3005B5B5E /* test_seachback.png */; };
		0F98866E1647AEA3005B5B5E /* whois_传真.png in Resources */ = {isa = PBXBuildFile; fileRef = 0F9885FE1647AEA3005B5B5E /* whois_传真.png */; };
		0F98866F1647AEA3005B5B5E /* whois_体检.png in Resources */ = {isa = PBXBuildFile; fileRef = 0F9885FF1647AEA3005B5B5E /* whois_体检.png */; };
		0F9886701647AEA3005B5B5E /* whois_单位.png in Resources */ = {isa = PBXBuildFile; fileRef = 0F9886001647AEA3005B5B5E /* whois_单位.png */; };
		0F9886711647AEA3005B5B5E /* whois_地址.png in Resources */ = {isa = PBXBuildFile; fileRef = 0F9886011647AEA3005B5B5E /* whois_地址.png */; };
		0F9886721647AEA3005B5B5E /* whois_域名.png in Resources */ = {isa = PBXBuildFile; fileRef = 0F9886021647AEA3005B5B5E /* whois_域名.png */; };
		0F9886731647AEA3005B5B5E /* whois_收藏图标.png in Resources */ = {isa = PBXBuildFile; fileRef = 0F9886031647AEA3005B5B5E /* whois_收藏图标.png */; };
		0F9886741647AEA3005B5B5E /* whois_时间.png in Resources */ = {isa = PBXBuildFile; fileRef = 0F9886041647AEA3005B5B5E /* whois_时间.png */; };
		0F9886751647AEA3005B5B5E /* whois_服务器.png in Resources */ = {isa = PBXBuildFile; fileRef = 0F9886051647AEA3005B5B5E /* whois_服务器.png */; };
		0F9886761647AEA3005B5B5E /* whois_注册人姓名.png in Resources */ = {isa = PBXBuildFile; fileRef = 0F9886061647AEA3005B5B5E /* whois_注册人姓名.png */; };
		0F9886771647AEA3005B5B5E /* whois_注册商.png in Resources */ = {isa = PBXBuildFile; fileRef = 0F9886071647AEA3005B5B5E /* whois_注册商.png */; };
		0F9886781647AEA3005B5B5E /* whois_状态.png in Resources */ = {isa = PBXBuildFile; fileRef = 0F9886081647AEA3005B5B5E /* whois_状态.png */; };
		0F9886791647AEA3005B5B5E /* whois_电话.png in Resources */ = {isa = PBXBuildFile; fileRef = 0F9886091647AEA3005B5B5E /* whois_电话.png */; };
		0F98867A1647AEA3005B5B5E /* whois_背景.png in Resources */ = {isa = PBXBuildFile; fileRef = 0F98860A1647AEA3005B5B5E /* whois_背景.png */; };
		0F98867B1647AEA3005B5B5E /* whois_输入框.png in Resources */ = {isa = PBXBuildFile; fileRef = 0F98860B1647AEA3005B5B5E /* whois_输入框.png */; };
		0F98867C1647AEA3005B5B5E /* whois_邮箱.png in Resources */ = {isa = PBXBuildFile; fileRef = 0F98860C1647AEA3005B5B5E /* whois_邮箱.png */; };
		0F98867D1647AEA3005B5B5E /* 右侧按钮.png in Resources */ = {isa = PBXBuildFile; fileRef = 0F98860D1647AEA3005B5B5E /* 右侧按钮.png */; };
		0F98867E1647AEA3005B5B5E /* set_delallbutton.png in Resources */ = {isa = PBXBuildFile; fileRef = 0F98860F1647AEA3005B5B5E /* set_delallbutton.png */; };
		0F98867F1647AEA3005B5B5E /* set_downbutton.png in Resources */ = {isa = PBXBuildFile; fileRef = 0F9886101647AEA3005B5B5E /* set_downbutton.png */; };
		0F9886801647AEA3005B5B5E /* set_titlebutton.png in Resources */ = {isa = PBXBuildFile; fileRef = 0F9886111647AEA3005B5B5E /* set_titlebutton.png */; };
		0F9886811647AEA3005B5B5E /* 消息推送按钮.png in Resources */ = {isa = PBXBuildFile; fileRef = 0F9886121647AEA3005B5B5E /* 消息推送按钮.png */; };
		0F9886821647AEA3005B5B5E /* 消息推送按钮on.png in Resources */ = {isa = PBXBuildFile; fileRef = 0F9886131647AEA3005B5B5E /* 消息推送按钮on.png */; };
		0F9886831647AEA3005B5B5E /* 收藏.png in Resources */ = {isa = PBXBuildFile; fileRef = 0F9886141647AEA3005B5B5E /* 收藏.png */; };
		0F9886841647AEA3005B5B5E /* 监控按钮.png in Resources */ = {isa = PBXBuildFile; fileRef = 0F9886151647AEA3005B5B5E /* 监控按钮.png */; };
		0F9886851647AEA3005B5B5E /* 编辑.png in Resources */ = {isa = PBXBuildFile; fileRef = 0F9886161647AEA3005B5B5E /* 编辑.png */; };
		0F9886861647AEA3005B5B5E /* 背景.png in Resources */ = {isa = PBXBuildFile; fileRef = 0F9886171647AEA3005B5B5E /* 背景.png */; };
		0F9886871647AEA3005B5B5E /* 返回按钮.png in Resources */ = {isa = PBXBuildFile; fileRef = 0F9886181647AEA3005B5B5E /* 返回按钮.png */; };
		0F9886921647AF13005B5B5E /* Default.png in Resources */ = {isa = PBXBuildFile; fileRef = 0F9886891647AF13005B5B5E /* Default.png */; };
		0F9886931647AF13005B5B5E /* Default@2x.png in Resources */ = {isa = PBXBuildFile; fileRef = 0F98868A1647AF13005B5B5E /* Default@2x.png */; };
		0F9886941647AF13005B5B5E /* Icon-72.png in Resources */ = {isa = PBXBuildFile; fileRef = 0F98868B1647AF13005B5B5E /* Icon-72.png */; };
		0F9886951647AF13005B5B5E /* Icon-72@2x.png in Resources */ = {isa = PBXBuildFile; fileRef = 0F98868C1647AF13005B5B5E /* Icon-72@2x.png */; };
		0F9886961647AF13005B5B5E /* Icon-Small.png in Resources */ = {isa = PBXBuildFile; fileRef = 0F98868D1647AF13005B5B5E /* Icon-Small.png */; };
		0F9886971647AF13005B5B5E /* Icon-Small@2x.png in Resources */ = {isa = PBXBuildFile; fileRef = 0F98868E1647AF13005B5B5E /* Icon-Small@2x.png */; };
		0F9886981647AF13005B5B5E /* Icon.png in Resources */ = {isa = PBXBuildFile; fileRef = 0F98868F1647AF13005B5B5E /* Icon.png */; };
		0F9886991647AF13005B5B5E /* Icon@2x.png in Resources */ = {isa = PBXBuildFile; fileRef = 0F9886901647AF13005B5B5E /* Icon@2x.png */; };
		0F98869A1647AF13005B5B5E /* iTunesArtwork in Resources */ = {isa = PBXBuildFile; fileRef = 0F9886911647AF13005B5B5E /* iTunesArtwork */; };
		0FF329221647B5E900ECFC33 /* RootViewController.m in Sources */ = {isa = PBXBuildFile; fileRef = 0FF329201647B5E900ECFC33 /* RootViewController.m */; };
		0FF329231647B5E900ECFC33 /* RootViewController.xib in Resources */ = {isa = PBXBuildFile; fileRef = 0FF329211647B5E900ECFC33 /* RootViewController.xib */; };
/* End PBXBuildFile section */

/* Begin PBXFileReference section */
		0F98857C1647AD7C005B5B5E /* 移动万网.app */ = {isa = PBXFileReference; explicitFileType = wrapper.application; includeInIndex = 0; path = "移动万网.app"; sourceTree = BUILT_PRODUCTS_DIR; };
		0F9885801647AD7C005B5B5E /* UIKit.framework */ = {isa = PBXFileReference; lastKnownFileType = wrapper.framework; name = UIKit.framework; path = System/Library/Frameworks/UIKit.framework; sourceTree = SDKROOT; };
		0F9885821647AD7C005B5B5E /* Foundation.framework */ = {isa = PBXFileReference; lastKnownFileType = wrapper.framework; name = Foundation.framework; path = System/Library/Frameworks/Foundation.framework; sourceTree = SDKROOT; };
		0F9885841647AD7C005B5B5E /* CoreGraphics.framework */ = {isa = PBXFileReference; lastKnownFileType = wrapper.framework; name = CoreGraphics.framework; path = System/Library/Frameworks/CoreGraphics.framework; sourceTree = SDKROOT; };
		0F9885881647AD7C005B5B5E /* 移动万网-Info.plist */ = {isa = PBXFileReference; lastKnownFileType = text.plist.xml; path = "移动万网-Info.plist"; sourceTree = "<group>"; };
		0F98858A1647AD7C005B5B5E /* en */ = {isa = PBXFileReference; lastKnownFileType = text.plist.strings; name = en; path = en.lproj/InfoPlist.strings; sourceTree = "<group>"; };
		0F98858C1647AD7C005B5B5E /* main.m */ = {isa = PBXFileReference; lastKnownFileType = sourcecode.c.objc; path = main.m; sourceTree = "<group>"; };
		0F98858E1647AD7C005B5B5E /* 移动万网-Prefix.pch */ = {isa = PBXFileReference; lastKnownFileType = sourcecode.c.h; path = "移动万网-Prefix.pch"; sourceTree = "<group>"; };
		0F98858F1647AD7C005B5B5E /* AppDelegate.h */ = {isa = PBXFileReference; lastKnownFileType = sourcecode.c.h; path = AppDelegate.h; sourceTree = "<group>"; };
		0F9885901647AD7C005B5B5E /* AppDelegate.m */ = {isa = PBXFileReference; lastKnownFileType = sourcecode.c.objc; path = AppDelegate.m; sourceTree = "<group>"; };
		0F98859E1647AEA3005B5B5E /* addM.png */ = {isa = PBXFileReference; lastKnownFileType = image.png; path = addM.png; sourceTree = "<group>"; };
		0F98859F1647AEA3005B5B5E /* buycar.png */ = {isa = PBXFileReference; lastKnownFileType = image.png; path = buycar.png; sourceTree = "<group>"; };
		0F9885A11647AEA3005B5B5E /* back.png */ = {isa = PBXFileReference; lastKnownFileType = image.png; path = back.png; sourceTree = "<group>"; };
		0F9885A21647AEA3005B5B5E /* cart.png */ = {isa = PBXFileReference; lastKnownFileType = image.png; path = cart.png; sourceTree = "<group>"; };
		0F9885A31647AEA3005B5B5E /* detailbutton.png */ = {isa = PBXFileReference; lastKnownFileType = image.png; path = detailbutton.png; sourceTree = "<group>"; };
		0F9885A41647AEA3005B5B5E /* jiankong.png */ = {isa = PBXFileReference; lastKnownFileType = image.png; path = jiankong.png; sourceTree = "<group>"; };
		0F9885A51647AEA3005B5B5E /* jianpan.png */ = {isa = PBXFileReference; lastKnownFileType = image.png; path = jianpan.png; sourceTree = "<group>"; };
		0F9885A61647AEA3005B5B5E /* keep.png */ = {isa = PBXFileReference; lastKnownFileType = image.png; path = keep.png; sourceTree = "<group>"; };
		0F9885A81647AEA3005B5B5E /* background_more.png */ = {isa = PBXFileReference; lastKnownFileType = image.png; path = background_more.png; sourceTree = "<group>"; };
		0F9885A91647AEA3005B5B5E /* rightbutton_more.png */ = {isa = PBXFileReference; lastKnownFileType = image.png; path = rightbutton_more.png; sourceTree = "<group>"; };
		0F9885AA1647AEA3005B5B5E /* search_more.png */ = {isa = PBXFileReference; lastKnownFileType = image.png; path = search_more.png; sourceTree = "<group>"; };
		0F9885AB1647AEA3005B5B5E /* search_more_1.png */ = {isa = PBXFileReference; lastKnownFileType = image.png; path = search_more_1.png; sourceTree = "<group>"; };
		0F9885AC1647AEA3005B5B5E /* suffbutton_more.png */ = {isa = PBXFileReference; lastKnownFileType = image.png; path = suffbutton_more.png; sourceTree = "<group>"; };
		0F9885AD1647AEA3005B5B5E /* notselected.png */ = {isa = PBXFileReference; lastKnownFileType = image.png; path = notselected.png; sourceTree = "<group>"; };
		0F9885AF1647AEA3005B5B5E /* background_one.png */ = {isa = PBXFileReference; lastKnownFileType = image.png; path = background_one.png; sourceTree = "<group>"; };
		0F9885B01647AEA3005B5B5E /* backimage_one.png */ = {isa = PBXFileReference; lastKnownFileType = image.png; path = backimage_one.png; sourceTree = "<group>"; };
		0F9885B11647AEA3005B5B5E /* button_one.png */ = {isa = PBXFileReference; lastKnownFileType = image.png; path = button_one.png; sourceTree = "<group>"; };
		0F9885B21647AEA3005B5B5E /* monit.png */ = {isa = PBXFileReference; lastKnownFileType = image.png; path = monit.png; sourceTree = "<group>"; };
		0F9885B31647AEA3005B5B5E /* result_one.png */ = {isa = PBXFileReference; lastKnownFileType = image.png; path = result_one.png; sourceTree = "<group>"; };
		0F9885B41647AEA3005B5B5E /* rightbutton.png */ = {isa = PBXFileReference; lastKnownFileType = image.png; path = rightbutton.png; sourceTree = "<group>"; };
		0F9885B51647AEA3005B5B5E /* seachbox.png */ = {isa = PBXFileReference; lastKnownFileType = image.png; path = seachbox.png; sourceTree = "<group>"; };
		0F9885B61647AEA3005B5B5E /* searchbar.png */ = {isa = PBXFileReference; lastKnownFileType = image.png; path = searchbar.png; sourceTree = "<group>"; };
		0F9885B71647AEA3005B5B5E /* selected.png */ = {isa = PBXFileReference; lastKnownFileType = image.png; path = selected.png; sourceTree = "<group>"; };
		0F9885B81647AEA3005B5B5E /* top.png */ = {isa = PBXFileReference; lastKnownFileType = image.png; path = top.png; sourceTree = "<group>"; };
		0F9885B91647AEA3005B5B5E /* denglu.png */ = {isa = PBXFileReference; lastKnownFileType = image.png; path = denglu.png; sourceTree = "<group>"; };
		0F9885BB1647AEA3005B5B5E /* domain_add.png */ = {isa = PBXFileReference; lastKnownFileType = image.png; path = domain_add.png; sourceTree = "<group>"; };
		0F9885BC1647AEA3005B5B5E /* domain_addbutton.png */ = {isa = PBXFileReference; lastKnownFileType = image.png; path = domain_addbutton.png; sourceTree = "<group>"; };
		0F9885BD1647AEA3005B5B5E /* domain_bt.png */ = {isa = PBXFileReference; lastKnownFileType = image.png; path = domain_bt.png; sourceTree = "<group>"; };
		0F9885BE1647AEA3005B5B5E /* domain_change.png */ = {isa = PBXFileReference; lastKnownFileType = image.png; path = domain_change.png; sourceTree = "<group>"; };
		0F9885BF1647AEA3005B5B5E /* domain_changebutton.png */ = {isa = PBXFileReference; lastKnownFileType = image.png; path = domain_changebutton.png; sourceTree = "<group>"; };
		0F9885C01647AEA3005B5B5E /* domain_delbutton.png */ = {isa = PBXFileReference; lastKnownFileType = image.png; path = domain_delbutton.png; sourceTree = "<group>"; };
		0F9885C11647AEA3005B5B5E /* domain_head.png */ = {isa = PBXFileReference; lastKnownFileType = image.png; path = domain_head.png; sourceTree = "<group>"; };
		0F9885C21647AEA3005B5B5E /* domain_topground.png */ = {isa = PBXFileReference; lastKnownFileType = image.png; path = domain_topground.png; sourceTree = "<group>"; };
		0F9885C31647AEA3005B5B5E /* fu1.png */ = {isa = PBXFileReference; lastKnownFileType = image.png; path = fu1.png; sourceTree = "<group>"; };
		0F9885C41647AEA3005B5B5E /* fu2.png */ = {isa = PBXFileReference; lastKnownFileType = image.png; path = fu2.png; sourceTree = "<group>"; };
		0F9885C51647AEA3005B5B5E /* fu3.png */ = {isa = PBXFileReference; lastKnownFileType = image.png; path = fu3.png; sourceTree = "<group>"; };
		0F9885C61647AEA3005B5B5E /* fu4.png */ = {isa = PBXFileReference; lastKnownFileType = image.png; path = fu4.png; sourceTree = "<group>"; };
		0F9885C71647AEA3005B5B5E /* fu5.png */ = {isa = PBXFileReference; lastKnownFileType = image.png; path = fu5.png; sourceTree = "<group>"; };
		0F9885C81647AEA3005B5B5E /* fu6.png */ = {isa = PBXFileReference; lastKnownFileType = image.png; path = fu6.png; sourceTree = "<group>"; };
		0F9885CA1647AEA3005B5B5E /* background_home.png */ = {isa = PBXFileReference; lastKnownFileType = image.png; path = background_home.png; sourceTree = "<group>"; };
		0F9885CB1647AEA3005B5B5E /* check_home.png */ = {isa = PBXFileReference; lastKnownFileType = image.png; path = check_home.png; sourceTree = "<group>"; };
		0F9885CC1647AEA3005B5B5E /* con_home.png */ = {isa = PBXFileReference; lastKnownFileType = image.png; path = con_home.png; sourceTree = "<group>"; };
		0F9885CD1647AEA3005B5B5E /* exam_home.png */ = {isa = PBXFileReference; lastKnownFileType = image.png; path = exam_home.png; sourceTree = "<group>"; };
		0F9885CE1647AEA3005B5B5E /* infor_home.png */ = {isa = PBXFileReference; lastKnownFileType = image.png; path = infor_home.png; sourceTree = "<group>"; };
		0F9885CF1647AEA3005B5B5E /* monitor_home.png */ = {isa = PBXFileReference; lastKnownFileType = image.png; path = monitor_home.png; sourceTree = "<group>"; };
		0F9885D01647AEA3005B5B5E /* scoll_home.png */ = {isa = PBXFileReference; lastKnownFileType = image.png; path = scoll_home.png; sourceTree = "<group>"; };
		0F9885D11647AEA3005B5B5E /* seting_home.png */ = {isa = PBXFileReference; lastKnownFileType = image.png; path = seting_home.png; sourceTree = "<group>"; };
		0F9885D31647AEA3005B5B5E /* 按下.png */ = {isa = PBXFileReference; lastKnownFileType = image.png; path = "按下.png"; sourceTree = "<group>"; };
		0F9885D41647AEA3005B5B5E /* 按钮.png */ = {isa = PBXFileReference; lastKnownFileType = image.png; path = "按钮.png"; sourceTree = "<group>"; };
		0F9885D51647AEA3005B5B5E /* 按钮2.png */ = {isa = PBXFileReference; lastKnownFileType = image.png; path = "按钮2.png"; sourceTree = "<group>"; };
		0F9885D61647AEA3005B5B5E /* 文件.png */ = {isa = PBXFileReference; lastKnownFileType = image.png; path = "文件.png"; sourceTree = "<group>"; };
		0F9885D71647AEA3005B5B5E /* 横条2.png */ = {isa = PBXFileReference; lastKnownFileType = image.png; path = "横条2.png"; sourceTree = "<group>"; };
		0F9885D81647AEA3005B5B5E /* 横条背景.png */ = {isa = PBXFileReference; lastKnownFileType = image.png; path = "横条背景.png"; sourceTree = "<group>"; };
		0F9885DA1647AEA3005B5B5E /* login_background.png */ = {isa = PBXFileReference; lastKnownFileType = image.png; path = login_background.png; sourceTree = "<group>"; };
		0F9885DB1647AEA3005B5B5E /* login_box.png */ = {isa = PBXFileReference; lastKnownFileType = image.png; path = login_box.png; sourceTree = "<group>"; };
		0F9885DC1647AEA3005B5B5E /* login_button.png */ = {isa = PBXFileReference; lastKnownFileType = image.png; path = login_button.png; sourceTree = "<group>"; };
		0F9885DD1647AEA3005B5B5E /* login_down.png */ = {isa = PBXFileReference; lastKnownFileType = image.png; path = login_down.png; sourceTree = "<group>"; };
		0F9885DE1647AEA3005B5B5E /* 叹号.png */ = {isa = PBXFileReference; lastKnownFileType = image.png; path = "叹号.png"; sourceTree = "<group>"; };
		0F9885DF1647AEA3005B5B5E /* 问号.png */ = {isa = PBXFileReference; lastKnownFileType = image.png; path = "问号.png"; sourceTree = "<group>"; };
		0F9885E01647AEA3005B5B5E /* monitormore.png */ = {isa = PBXFileReference; lastKnownFileType = image.png; path = monitormore.png; sourceTree = "<group>"; };
		0F9885E11647AEA3005B5B5E /* searchbg.png */ = {isa = PBXFileReference; lastKnownFileType = image.png; path = searchbg.png; sourceTree = "<group>"; };
		0F9885E21647AEA3005B5B5E /* searchkkk.png */ = {isa = PBXFileReference; lastKnownFileType = image.png; path = searchkkk.png; sourceTree = "<group>"; };
		0F9885E41647AEA3005B5B5E /* canceled.png */ = {isa = PBXFileReference; lastKnownFileType = image.png; path = canceled.png; sourceTree = "<group>"; };
		0F9885E51647AEA3005B5B5E /* delete_history.png */ = {isa = PBXFileReference; lastKnownFileType = image.png; path = delete_history.png; sourceTree = "<group>"; };
		0F9885E61647AEA3005B5B5E /* set_box.png */ = {isa = PBXFileReference; lastKnownFileType = image.png; path = set_box.png; sourceTree = "<group>"; };
		0F9885E71647AEA3005B5B5E /* set_chbutton.png */ = {isa = PBXFileReference; lastKnownFileType = image.png; path = set_chbutton.png; sourceTree = "<group>"; };
		0F9885E81647AEA3005B5B5E /* set_logo.png */ = {isa = PBXFileReference; lastKnownFileType = image.png; path = set_logo.png; sourceTree = "<group>"; };
		0F9885E91647AEA3005B5B5E /* set_refview.png */ = {isa = PBXFileReference; lastKnownFileType = image.png; path = set_refview.png; sourceTree = "<group>"; };
		0F9885EA1647AEA3005B5B5E /* set_view.png */ = {isa = PBXFileReference; lastKnownFileType = image.png; path = set_view.png; sourceTree = "<group>"; };
		0F9885EB1647AEA3005B5B5E /* slogan.png */ = {isa = PBXFileReference; lastKnownFileType = image.png; path = slogan.png; sourceTree = "<group>"; };
		0F9885EC1647AEA3005B5B5E /* 多域名查询白框.png */ = {isa = PBXFileReference; lastKnownFileType = image.png; path = "多域名查询白框.png"; sourceTree = "<group>"; };
		0F9885EE1647AEA3005B5B5E /* suffix_background.png */ = {isa = PBXFileReference; lastKnownFileType = image.png; path = suffix_background.png; sourceTree = "<group>"; };
		0F9885EF1647AEA3005B5B5E /* suffix_line.png */ = {isa = PBXFileReference; lastKnownFileType = image.png; path = suffix_line.png; sourceTree = "<group>"; };
		0F9885F01647AEA3005B5B5E /* suffix_notselected.png */ = {isa = PBXFileReference; lastKnownFileType = image.png; path = suffix_notselected.png; sourceTree = "<group>"; };
		0F9885F11647AEA3005B5B5E /* suffix_selected.png */ = {isa = PBXFileReference; lastKnownFileType = image.png; path = suffix_selected.png; sourceTree = "<group>"; };
		0F9885F31647AEA3005B5B5E /* smile.png */ = {isa = PBXFileReference; lastKnownFileType = image.png; path = smile.png; sourceTree = "<group>"; };
		0F9885F41647AEA3005B5B5E /* test_button.png */ = {isa = PBXFileReference; lastKnownFileType = image.png; path = test_button.png; sourceTree = "<group>"; };
		0F9885F51647AEA3005B5B5E /* test_detal.png */ = {isa = PBXFileReference; lastKnownFileType = image.png; path = test_detal.png; sourceTree = "<group>"; };
		0F9885F61647AEA3005B5B5E /* test_graybutton.png */ = {isa = PBXFileReference; lastKnownFileType = image.png; path = test_graybutton.png; sourceTree = "<group>"; };
		0F9885F71647AEA3005B5B5E /* test_ground.png */ = {isa = PBXFileReference; lastKnownFileType = image.png; path = test_ground.png; sourceTree = "<group>"; };
		0F9885F81647AEA3005B5B5E /* test_jiankong.png */ = {isa = PBXFileReference; lastKnownFileType = image.png; path = test_jiankong.png; sourceTree = "<group>"; };
		0F9885F91647AEA3005B5B5E /* test_pickground.png */ = {isa = PBXFileReference; lastKnownFileType = image.png; path = test_pickground.png; sourceTree = "<group>"; };
		0F9885FA1647AEA3005B5B5E /* test_return.png */ = {isa = PBXFileReference; lastKnownFileType = image.png; path = test_return.png; sourceTree = "<group>"; };
		0F9885FB1647AEA3005B5B5E /* test_seach.png */ = {isa = PBXFileReference; lastKnownFileType = image.png; path = test_seach.png; sourceTree = "<group>"; };
		0F9885FC1647AEA3005B5B5E /* test_seachback.png */ = {isa = PBXFileReference; lastKnownFileType = image.png; path = test_seachback.png; sourceTree = "<group>"; };
		0F9885FE1647AEA3005B5B5E /* whois_传真.png */ = {isa = PBXFileReference; lastKnownFileType = image.png; path = "whois_传真.png"; sourceTree = "<group>"; };
		0F9885FF1647AEA3005B5B5E /* whois_体检.png */ = {isa = PBXFileReference; lastKnownFileType = image.png; path = "whois_体检.png"; sourceTree = "<group>"; };
		0F9886001647AEA3005B5B5E /* whois_单位.png */ = {isa = PBXFileReference; lastKnownFileType = image.png; path = "whois_单位.png"; sourceTree = "<group>"; };
		0F9886011647AEA3005B5B5E /* whois_地址.png */ = {isa = PBXFileReference; lastKnownFileType = image.png; path = "whois_地址.png"; sourceTree = "<group>"; };
		0F9886021647AEA3005B5B5E /* whois_域名.png */ = {isa = PBXFileReference; lastKnownFileType = image.png; path = "whois_域名.png"; sourceTree = "<group>"; };
		0F9886031647AEA3005B5B5E /* whois_收藏图标.png */ = {isa = PBXFileReference; lastKnownFileType = image.png; path = "whois_收藏图标.png"; sourceTree = "<group>"; };
		0F9886041647AEA3005B5B5E /* whois_时间.png */ = {isa = PBXFileReference; lastKnownFileType = image.png; path = "whois_时间.png"; sourceTree = "<group>"; };
		0F9886051647AEA3005B5B5E /* whois_服务器.png */ = {isa = PBXFileReference; lastKnownFileType = image.png; path = "whois_服务器.png"; sourceTree = "<group>"; };
		0F9886061647AEA3005B5B5E /* whois_注册人姓名.png */ = {isa = PBXFileReference; lastKnownFileType = image.png; path = "whois_注册人姓名.png"; sourceTree = "<group>"; };
		0F9886071647AEA3005B5B5E /* whois_注册商.png */ = {isa = PBXFileReference; lastKnownFileType = image.png; path = "whois_注册商.png"; sourceTree = "<group>"; };
		0F9886081647AEA3005B5B5E /* whois_状态.png */ = {isa = PBXFileReference; lastKnownFileType = image.png; path = "whois_状态.png"; sourceTree = "<group>"; };
		0F9886091647AEA3005B5B5E /* whois_电话.png */ = {isa = PBXFileReference; lastKnownFileType = image.png; path = "whois_电话.png"; sourceTree = "<group>"; };
		0F98860A1647AEA3005B5B5E /* whois_背景.png */ = {isa = PBXFileReference; lastKnownFileType = image.png; path = "whois_背景.png"; sourceTree = "<group>"; };
		0F98860B1647AEA3005B5B5E /* whois_输入框.png */ = {isa = PBXFileReference; lastKnownFileType = image.png; path = "whois_输入框.png"; sourceTree = "<group>"; };
		0F98860C1647AEA3005B5B5E /* whois_邮箱.png */ = {isa = PBXFileReference; lastKnownFileType = image.png; path = "whois_邮箱.png"; sourceTree = "<group>"; };
		0F98860D1647AEA3005B5B5E /* 右侧按钮.png */ = {isa = PBXFileReference; lastKnownFileType = image.png; path = "右侧按钮.png"; sourceTree = "<group>"; };
		0F98860F1647AEA3005B5B5E /* set_delallbutton.png */ = {isa = PBXFileReference; lastKnownFileType = image.png; path = set_delallbutton.png; sourceTree = "<group>"; };
		0F9886101647AEA3005B5B5E /* set_downbutton.png */ = {isa = PBXFileReference; lastKnownFileType = image.png; path = set_downbutton.png; sourceTree = "<group>"; };
		0F9886111647AEA3005B5B5E /* set_titlebutton.png */ = {isa = PBXFileReference; lastKnownFileType = image.png; path = set_titlebutton.png; sourceTree = "<group>"; };
		0F9886121647AEA3005B5B5E /* 消息推送按钮.png */ = {isa = PBXFileReference; lastKnownFileType = image.png; path = "消息推送按钮.png"; sourceTree = "<group>"; };
		0F9886131647AEA3005B5B5E /* 消息推送按钮on.png */ = {isa = PBXFileReference; lastKnownFileType = image.png; path = "消息推送按钮on.png"; sourceTree = "<group>"; };
		0F9886141647AEA3005B5B5E /* 收藏.png */ = {isa = PBXFileReference; lastKnownFileType = image.png; path = "收藏.png"; sourceTree = "<group>"; };
		0F9886151647AEA3005B5B5E /* 监控按钮.png */ = {isa = PBXFileReference; lastKnownFileType = image.png; path = "监控按钮.png"; sourceTree = "<group>"; };
		0F9886161647AEA3005B5B5E /* 编辑.png */ = {isa = PBXFileReference; lastKnownFileType = image.png; path = "编辑.png"; sourceTree = "<group>"; };
		0F9886171647AEA3005B5B5E /* 背景.png */ = {isa = PBXFileReference; lastKnownFileType = image.png; path = "背景.png"; sourceTree = "<group>"; };
		0F9886181647AEA3005B5B5E /* 返回按钮.png */ = {isa = PBXFileReference; lastKnownFileType = image.png; path = "返回按钮.png"; sourceTree = "<group>"; };
		0F9886891647AF13005B5B5E /* Default.png */ = {isa = PBXFileReference; lastKnownFileType = image.png; path = Default.png; sourceTree = "<group>"; };
		0F98868A1647AF13005B5B5E /* Default@2x.png */ = {isa = PBXFileReference; lastKnownFileType = image.png; path = "Default@2x.png"; sourceTree = "<group>"; };
		0F98868B1647AF13005B5B5E /* Icon-72.png */ = {isa = PBXFileReference; lastKnownFileType = image.png; path = "Icon-72.png"; sourceTree = "<group>"; };
		0F98868C1647AF13005B5B5E /* Icon-72@2x.png */ = {isa = PBXFileReference; lastKnownFileType = image.png; path = "Icon-72@2x.png"; sourceTree = "<group>"; };
		0F98868D1647AF13005B5B5E /* Icon-Small.png */ = {isa = PBXFileReference; lastKnownFileType = image.png; path = "Icon-Small.png"; sourceTree = "<group>"; };
		0F98868E1647AF13005B5B5E /* Icon-Small@2x.png */ = {isa = PBXFileReference; lastKnownFileType = image.png; path = "Icon-Small@2x.png"; sourceTree = "<group>"; };
		0F98868F1647AF13005B5B5E /* Icon.png */ = {isa = PBXFileReference; lastKnownFileType = image.png; path = Icon.png; sourceTree = "<group>"; };
		0F9886901647AF13005B5B5E /* Icon@2x.png */ = {isa = PBXFileReference; lastKnownFileType = image.png; path = "Icon@2x.png"; sourceTree = "<group>"; };
		0F9886911647AF13005B5B5E /* iTunesArtwork */ = {isa = PBXFileReference; lastKnownFileType = file; path = iTunesArtwork; sourceTree = "<group>"; };
		0FF3291F1647B5E900ECFC33 /* RootViewController.h */ = {isa = PBXFileReference; fileEncoding = 4; lastKnownFileType = sourcecode.c.h; name = RootViewController.h; path = Classes/RootViewController.h; sourceTree = "<group>"; };
		0FF329201647B5E900ECFC33 /* RootViewController.m */ = {isa = PBXFileReference; fileEncoding = 4; lastKnownFileType = sourcecode.c.objc; name = RootViewController.m; path = Classes/RootViewController.m; sourceTree = "<group>"; };
		0FF329211647B5E900ECFC33 /* RootViewController.xib */ = {isa = PBXFileReference; fileEncoding = 4; lastKnownFileType = file.xib; name = RootViewController.xib; path = Classes/RootViewController.xib; sourceTree = "<group>"; };
/* End PBXFileReference section */

/* Begin PBXFrameworksBuildPhase section */
		0F9885791647AD7C005B5B5E /* Frameworks */ = {
			isa = PBXFrameworksBuildPhase;
			buildActionMask = 2147483647;
			files = (
				0F9885811647AD7C005B5B5E /* UIKit.framework in Frameworks */,
				0F9885831647AD7C005B5B5E /* Foundation.framework in Frameworks */,
				0F9885851647AD7C005B5B5E /* CoreGraphics.framework in Frameworks */,
			);
			runOnlyForDeploymentPostprocessing = 0;
		};
/* End PBXFrameworksBuildPhase section */

/* Begin PBXGroup section */
		0F9885711647AD7B005B5B5E = {
			isa = PBXGroup;
			children = (
				0F9885861647AD7C005B5B5E /* 移动万网 */,
				0F98857F1647AD7C005B5B5E /* Frameworks */,
				0F98857D1647AD7C005B5B5E /* Products */,
			);
			sourceTree = "<group>";
		};
		0F98857D1647AD7C005B5B5E /* Products */ = {
			isa = PBXGroup;
			children = (
				0F98857C1647AD7C005B5B5E /* 移动万网.app */,
			);
			name = Products;
			sourceTree = "<group>";
		};
		0F98857F1647AD7C005B5B5E /* Frameworks */ = {
			isa = PBXGroup;
			children = (
				0F9885801647AD7C005B5B5E /* UIKit.framework */,
				0F9885821647AD7C005B5B5E /* Foundation.framework */,
				0F9885841647AD7C005B5B5E /* CoreGraphics.framework */,
			);
			name = Frameworks;
			sourceTree = "<group>";
		};
		0F9885861647AD7C005B5B5E /* 移动万网 */ = {
			isa = PBXGroup;
			children = (
				0F98858F1647AD7C005B5B5E /* AppDelegate.h */,
				0F9885901647AD7C005B5B5E /* AppDelegate.m */,
				0F98859A1647ADC5005B5B5E /* Classes */,
				0F9885871647AD7C005B5B5E /* Supporting Files */,
			);
			path = "移动万网";
			sourceTree = "<group>";
		};
		0F9885871647AD7C005B5B5E /* Supporting Files */ = {
			isa = PBXGroup;
			children = (
				0F98859D1647AEA3005B5B5E /* images */,
				0F9885881647AD7C005B5B5E /* 移动万网-Info.plist */,
				0F9885891647AD7C005B5B5E /* InfoPlist.strings */,
				0F98858C1647AD7C005B5B5E /* main.m */,
				0F98858E1647AD7C005B5B5E /* 移动万网-Prefix.pch */,
			);
			name = "Supporting Files";
			sourceTree = "<group>";
		};
		0F98859A1647ADC5005B5B5E /* Classes */ = {
			isa = PBXGroup;
			children = (
				0FF3291F1647B5E900ECFC33 /* RootViewController.h */,
				0FF329201647B5E900ECFC33 /* RootViewController.m */,
				0FF329211647B5E900ECFC33 /* RootViewController.xib */,
			);
			name = Classes;
			sourceTree = "<group>";
		};
		0F98859D1647AEA3005B5B5E /* images */ = {
			isa = PBXGroup;
			children = (
				0F9886881647AF13005B5B5E /* Icons */,
				0F98859E1647AEA3005B5B5E /* addM.png */,
				0F98859F1647AEA3005B5B5E /* buycar.png */,
				0F9885A01647AEA3005B5B5E /* check */,
				0F9885B91647AEA3005B5B5E /* denglu.png */,
				0F9885BA1647AEA3005B5B5E /* domain */,
				0F9885C31647AEA3005B5B5E /* fu1.png */,
				0F9885C41647AEA3005B5B5E /* fu2.png */,
				0F9885C51647AEA3005B5B5E /* fu3.png */,
				0F9885C61647AEA3005B5B5E /* fu4.png */,
				0F9885C71647AEA3005B5B5E /* fu5.png */,
				0F9885C81647AEA3005B5B5E /* fu6.png */,
				0F9885C91647AEA3005B5B5E /* home */,
				0F9885D21647AEA3005B5B5E /* informain */,
				0F9885D91647AEA3005B5B5E /* loginpic */,
				0F9885E01647AEA3005B5B5E /* monitormore.png */,
				0F9885E11647AEA3005B5B5E /* searchbg.png */,
				0F9885E21647AEA3005B5B5E /* searchkkk.png */,
				0F9885E31647AEA3005B5B5E /* setting */,
				0F9885ED1647AEA3005B5B5E /* suffix */,
				0F9885F21647AEA3005B5B5E /* test */,
				0F9885FD1647AEA3005B5B5E /* whois */,
				0F98860E1647AEA3005B5B5E /* XIN */,
				0F9886141647AEA3005B5B5E /* 收藏.png */,
				0F9886151647AEA3005B5B5E /* 监控按钮.png */,
				0F9886161647AEA3005B5B5E /* 编辑.png */,
				0F9886171647AEA3005B5B5E /* 背景.png */,
				0F9886181647AEA3005B5B5E /* 返回按钮.png */,
			);
			path = images;
			sourceTree = "<group>";
		};
		0F9885A01647AEA3005B5B5E /* check */ = {
			isa = PBXGroup;
			children = (
				0F9885A11647AEA3005B5B5E /* back.png */,
				0F9885A21647AEA3005B5B5E /* cart.png */,
				0F9885A31647AEA3005B5B5E /* detailbutton.png */,
				0F9885A41647AEA3005B5B5E /* jiankong.png */,
				0F9885A51647AEA3005B5B5E /* jianpan.png */,
				0F9885A61647AEA3005B5B5E /* keep.png */,
				0F9885A71647AEA3005B5B5E /* more */,
				0F9885AD1647AEA3005B5B5E /* notselected.png */,
				0F9885AE1647AEA3005B5B5E /* one */,
				0F9885B41647AEA3005B5B5E /* rightbutton.png */,
				0F9885B51647AEA3005B5B5E /* seachbox.png */,
				0F9885B61647AEA3005B5B5E /* searchbar.png */,
				0F9885B71647AEA3005B5B5E /* selected.png */,
				0F9885B81647AEA3005B5B5E /* top.png */,
			);
			path = check;
			sourceTree = "<group>";
		};
		0F9885A71647AEA3005B5B5E /* more */ = {
			isa = PBXGroup;
			children = (
				0F9885A81647AEA3005B5B5E /* background_more.png */,
				0F9885A91647AEA3005B5B5E /* rightbutton_more.png */,
				0F9885AA1647AEA3005B5B5E /* search_more.png */,
				0F9885AB1647AEA3005B5B5E /* search_more_1.png */,
				0F9885AC1647AEA3005B5B5E /* suffbutton_more.png */,
			);
			path = more;
			sourceTree = "<group>";
		};
		0F9885AE1647AEA3005B5B5E /* one */ = {
			isa = PBXGroup;
			children = (
				0F9885AF1647AEA3005B5B5E /* background_one.png */,
				0F9885B01647AEA3005B5B5E /* backimage_one.png */,
				0F9885B11647AEA3005B5B5E /* button_one.png */,
				0F9885B21647AEA3005B5B5E /* monit.png */,
				0F9885B31647AEA3005B5B5E /* result_one.png */,
			);
			path = one;
			sourceTree = "<group>";
		};
		0F9885BA1647AEA3005B5B5E /* domain */ = {
			isa = PBXGroup;
			children = (
				0F9885BB1647AEA3005B5B5E /* domain_add.png */,
				0F9885BC1647AEA3005B5B5E /* domain_addbutton.png */,
				0F9885BD1647AEA3005B5B5E /* domain_bt.png */,
				0F9885BE1647AEA3005B5B5E /* domain_change.png */,
				0F9885BF1647AEA3005B5B5E /* domain_changebutton.png */,
				0F9885C01647AEA3005B5B5E /* domain_delbutton.png */,
				0F9885C11647AEA3005B5B5E /* domain_head.png */,
				0F9885C21647AEA3005B5B5E /* domain_topground.png */,
			);
			path = domain;
			sourceTree = "<group>";
		};
		0F9885C91647AEA3005B5B5E /* home */ = {
			isa = PBXGroup;
			children = (
				0F9885CA1647AEA3005B5B5E /* background_home.png */,
				0F9885CB1647AEA3005B5B5E /* check_home.png */,
				0F9885CC1647AEA3005B5B5E /* con_home.png */,
				0F9885CD1647AEA3005B5B5E /* exam_home.png */,
				0F9885CE1647AEA3005B5B5E /* infor_home.png */,
				0F9885CF1647AEA3005B5B5E /* monitor_home.png */,
				0F9885D01647AEA3005B5B5E /* scoll_home.png */,
				0F9885D11647AEA3005B5B5E /* seting_home.png */,
			);
			path = home;
			sourceTree = "<group>";
		};
		0F9885D21647AEA3005B5B5E /* informain */ = {
			isa = PBXGroup;
			children = (
				0F9885D31647AEA3005B5B5E /* 按下.png */,
				0F9885D41647AEA3005B5B5E /* 按钮.png */,
				0F9885D51647AEA3005B5B5E /* 按钮2.png */,
				0F9885D61647AEA3005B5B5E /* 文件.png */,
				0F9885D71647AEA3005B5B5E /* 横条2.png */,
				0F9885D81647AEA3005B5B5E /* 横条背景.png */,
			);
			path = informain;
			sourceTree = "<group>";
		};
		0F9885D91647AEA3005B5B5E /* loginpic */ = {
			isa = PBXGroup;
			children = (
				0F9885DA1647AEA3005B5B5E /* login_background.png */,
				0F9885DB1647AEA3005B5B5E /* login_box.png */,
				0F9885DC1647AEA3005B5B5E /* login_button.png */,
				0F9885DD1647AEA3005B5B5E /* login_down.png */,
				0F9885DE1647AEA3005B5B5E /* 叹号.png */,
				0F9885DF1647AEA3005B5B5E /* 问号.png */,
			);
			path = loginpic;
			sourceTree = "<group>";
		};
		0F9885E31647AEA3005B5B5E /* setting */ = {
			isa = PBXGroup;
			children = (
				0F9885E41647AEA3005B5B5E /* canceled.png */,
				0F9885E51647AEA3005B5B5E /* delete_history.png */,
				0F9885E61647AEA3005B5B5E /* set_box.png */,
				0F9885E71647AEA3005B5B5E /* set_chbutton.png */,
				0F9885E81647AEA3005B5B5E /* set_logo.png */,
				0F9885E91647AEA3005B5B5E /* set_refview.png */,
				0F9885EA1647AEA3005B5B5E /* set_view.png */,
				0F9885EB1647AEA3005B5B5E /* slogan.png */,
				0F9885EC1647AEA3005B5B5E /* 多域名查询白框.png */,
			);
			path = setting;
			sourceTree = "<group>";
		};
		0F9885ED1647AEA3005B5B5E /* suffix */ = {
			isa = PBXGroup;
			children = (
				0F9885EE1647AEA3005B5B5E /* suffix_background.png */,
				0F9885EF1647AEA3005B5B5E /* suffix_line.png */,
				0F9885F01647AEA3005B5B5E /* suffix_notselected.png */,
				0F9885F11647AEA3005B5B5E /* suffix_selected.png */,
			);
			path = suffix;
			sourceTree = "<group>";
		};
		0F9885F21647AEA3005B5B5E /* test */ = {
			isa = PBXGroup;
			children = (
				0F9885F31647AEA3005B5B5E /* smile.png */,
				0F9885F41647AEA3005B5B5E /* test_button.png */,
				0F9885F51647AEA3005B5B5E /* test_detal.png */,
				0F9885F61647AEA3005B5B5E /* test_graybutton.png */,
				0F9885F71647AEA3005B5B5E /* test_ground.png */,
				0F9885F81647AEA3005B5B5E /* test_jiankong.png */,
				0F9885F91647AEA3005B5B5E /* test_pickground.png */,
				0F9885FA1647AEA3005B5B5E /* test_return.png */,
				0F9885FB1647AEA3005B5B5E /* test_seach.png */,
				0F9885FC1647AEA3005B5B5E /* test_seachback.png */,
			);
			path = test;
			sourceTree = "<group>";
		};
		0F9885FD1647AEA3005B5B5E /* whois */ = {
			isa = PBXGroup;
			children = (
				0F9885FE1647AEA3005B5B5E /* whois_传真.png */,
				0F9885FF1647AEA3005B5B5E /* whois_体检.png */,
				0F9886001647AEA3005B5B5E /* whois_单位.png */,
				0F9886011647AEA3005B5B5E /* whois_地址.png */,
				0F9886021647AEA3005B5B5E /* whois_域名.png */,
				0F9886031647AEA3005B5B5E /* whois_收藏图标.png */,
				0F9886041647AEA3005B5B5E /* whois_时间.png */,
				0F9886051647AEA3005B5B5E /* whois_服务器.png */,
				0F9886061647AEA3005B5B5E /* whois_注册人姓名.png */,
				0F9886071647AEA3005B5B5E /* whois_注册商.png */,
				0F9886081647AEA3005B5B5E /* whois_状态.png */,
				0F9886091647AEA3005B5B5E /* whois_电话.png */,
				0F98860A1647AEA3005B5B5E /* whois_背景.png */,
				0F98860B1647AEA3005B5B5E /* whois_输入框.png */,
				0F98860C1647AEA3005B5B5E /* whois_邮箱.png */,
				0F98860D1647AEA3005B5B5E /* 右侧按钮.png */,
			);
			path = whois;
			sourceTree = "<group>";
		};
		0F98860E1647AEA3005B5B5E /* XIN */ = {
			isa = PBXGroup;
			children = (
				0F98860F1647AEA3005B5B5E /* set_delallbutton.png */,
				0F9886101647AEA3005B5B5E /* set_downbutton.png */,
				0F9886111647AEA3005B5B5E /* set_titlebutton.png */,
				0F9886121647AEA3005B5B5E /* 消息推送按钮.png */,
				0F9886131647AEA3005B5B5E /* 消息推送按钮on.png */,
			);
			path = XIN;
			sourceTree = "<group>";
		};
		0F9886881647AF13005B5B5E /* Icons */ = {
			isa = PBXGroup;
			children = (
				0F9886891647AF13005B5B5E /* Default.png */,
				0F98868A1647AF13005B5B5E /* Default@2x.png */,
				0F98868B1647AF13005B5B5E /* Icon-72.png */,
				0F98868C1647AF13005B5B5E /* Icon-72@2x.png */,
				0F98868D1647AF13005B5B5E /* Icon-Small.png */,
				0F98868E1647AF13005B5B5E /* Icon-Small@2x.png */,
				0F98868F1647AF13005B5B5E /* Icon.png */,
				0F9886901647AF13005B5B5E /* Icon@2x.png */,
				0F9886911647AF13005B5B5E /* iTunesArtwork */,
			);
			path = Icons;
			sourceTree = "<group>";
		};
/* End PBXGroup section */

/* Begin PBXNativeTarget section */
		0F98857B1647AD7C005B5B5E /* 移动万网 */ = {
			isa = PBXNativeTarget;
			buildConfigurationList = 0F9885941647AD7C005B5B5E /* Build configuration list for PBXNativeTarget "移动万网" */;
			buildPhases = (
				0F9885781647AD7C005B5B5E /* Sources */,
				0F9885791647AD7C005B5B5E /* Frameworks */,
				0F98857A1647AD7C005B5B5E /* Resources */,
			);
			buildRules = (
			);
			dependencies = (
			);
			name = "移动万网";
			productName = "移动万网";
			productReference = 0F98857C1647AD7C005B5B5E /* 移动万网.app */;
			productType = "com.apple.product-type.application";
		};
/* End PBXNativeTarget section */

/* Begin PBXProject section */
		0F9885731647AD7B005B5B5E /* Project object */ = {
			isa = PBXProject;
			attributes = {
				LastUpgradeCheck = 0420;
			};
			buildConfigurationList = 0F9885761647AD7B005B5B5E /* Build configuration list for PBXProject "移动万网" */;
			compatibilityVersion = "Xcode 3.2";
			developmentRegion = English;
			hasScannedForEncodings = 0;
			knownRegions = (
				en,
			);
			mainGroup = 0F9885711647AD7B005B5B5E;
			productRefGroup = 0F98857D1647AD7C005B5B5E /* Products */;
			projectDirPath = "";
			projectRoot = "";
			targets = (
				0F98857B1647AD7C005B5B5E /* 移动万网 */,
			);
		};
/* End PBXProject section */

/* Begin PBXResourcesBuildPhase section */
		0F98857A1647AD7C005B5B5E /* Resources */ = {
			isa = PBXResourcesBuildPhase;
			buildActionMask = 2147483647;
			files = (
				0F98858B1647AD7C005B5B5E /* InfoPlist.strings in Resources */,
				0F9886191647AEA3005B5B5E /* addM.png in Resources */,
				0F98861A1647AEA3005B5B5E /* buycar.png in Resources */,
				0F98861B1647AEA3005B5B5E /* back.png in Resources */,
				0F98861C1647AEA3005B5B5E /* cart.png in Resources */,
				0F98861D1647AEA3005B5B5E /* detailbutton.png in Resources */,
				0F98861E1647AEA3005B5B5E /* jiankong.png in Resources */,
				0F98861F1647AEA3005B5B5E /* jianpan.png in Resources */,
				0F9886201647AEA3005B5B5E /* keep.png in Resources */,
				0F9886211647AEA3005B5B5E /* background_more.png in Resources */,
				0F9886221647AEA3005B5B5E /* rightbutton_more.png in Resources */,
				0F9886231647AEA3005B5B5E /* search_more.png in Resources */,
				0F9886241647AEA3005B5B5E /* search_more_1.png in Resources */,
				0F9886251647AEA3005B5B5E /* suffbutton_more.png in Resources */,
				0F9886261647AEA3005B5B5E /* notselected.png in Resources */,
				0F9886271647AEA3005B5B5E /* background_one.png in Resources */,
				0F9886281647AEA3005B5B5E /* backimage_one.png in Resources */,
				0F9886291647AEA3005B5B5E /* button_one.png in Resources */,
				0F98862A1647AEA3005B5B5E /* monit.png in Resources */,
				0F98862B1647AEA3005B5B5E /* result_one.png in Resources */,
				0F98862C1647AEA3005B5B5E /* rightbutton.png in Resources */,
				0F98862D1647AEA3005B5B5E /* seachbox.png in Resources */,
				0F98862E1647AEA3005B5B5E /* searchbar.png in Resources */,
				0F98862F1647AEA3005B5B5E /* selected.png in Resources */,
				0F9886301647AEA3005B5B5E /* top.png in Resources */,
				0F9886311647AEA3005B5B5E /* denglu.png in Resources */,
				0F9886321647AEA3005B5B5E /* domain_add.png in Resources */,
				0F9886331647AEA3005B5B5E /* domain_addbutton.png in Resources */,
				0F9886341647AEA3005B5B5E /* domain_bt.png in Resources */,
				0F9886351647AEA3005B5B5E /* domain_change.png in Resources */,
				0F9886361647AEA3005B5B5E /* domain_changebutton.png in Resources */,
				0F9886371647AEA3005B5B5E /* domain_delbutton.png in Resources */,
				0F9886381647AEA3005B5B5E /* domain_head.png in Resources */,
				0F9886391647AEA3005B5B5E /* domain_topground.png in Resources */,
				0F98863A1647AEA3005B5B5E /* fu1.png in Resources */,
				0F98863B1647AEA3005B5B5E /* fu2.png in Resources */,
				0F98863C1647AEA3005B5B5E /* fu3.png in Resources */,
				0F98863D1647AEA3005B5B5E /* fu4.png in Resources */,
				0F98863E1647AEA3005B5B5E /* fu5.png in Resources */,
				0F98863F1647AEA3005B5B5E /* fu6.png in Resources */,
				0F9886401647AEA3005B5B5E /* background_home.png in Resources */,
				0F9886411647AEA3005B5B5E /* check_home.png in Resources */,
				0F9886421647AEA3005B5B5E /* con_home.png in Resources */,
				0F9886431647AEA3005B5B5E /* exam_home.png in Resources */,
				0F9886441647AEA3005B5B5E /* infor_home.png in Resources */,
				0F9886451647AEA3005B5B5E /* monitor_home.png in Resources */,
				0F9886461647AEA3005B5B5E /* scoll_home.png in Resources */,
				0F9886471647AEA3005B5B5E /* seting_home.png in Resources */,
				0F9886481647AEA3005B5B5E /* 按下.png in Resources */,
				0F9886491647AEA3005B5B5E /* 按钮.png in Resources */,
				0F98864A1647AEA3005B5B5E /* 按钮2.png in Resources */,
				0F98864B1647AEA3005B5B5E /* 文件.png in Resources */,
				0F98864C1647AEA3005B5B5E /* 横条2.png in Resources */,
				0F98864D1647AEA3005B5B5E /* 横条背景.png in Resources */,
				0F98864E1647AEA3005B5B5E /* login_background.png in Resources */,
				0F98864F1647AEA3005B5B5E /* login_box.png in Resources */,
				0F9886501647AEA3005B5B5E /* login_button.png in Resources */,
				0F9886511647AEA3005B5B5E /* login_down.png in Resources */,
				0F9886521647AEA3005B5B5E /* 叹号.png in Resources */,
				0F9886531647AEA3005B5B5E /* 问号.png in Resources */,
				0F9886541647AEA3005B5B5E /* monitormore.png in Resources */,
				0F9886551647AEA3005B5B5E /* searchbg.png in Resources */,
				0F9886561647AEA3005B5B5E /* searchkkk.png in Resources */,
				0F9886571647AEA3005B5B5E /* canceled.png in Resources */,
				0F9886581647AEA3005B5B5E /* delete_history.png in Resources */,
				0F9886591647AEA3005B5B5E /* set_box.png in Resources */,
				0F98865A1647AEA3005B5B5E /* set_chbutton.png in Resources */,
				0F98865B1647AEA3005B5B5E /* set_logo.png in Resources */,
				0F98865C1647AEA3005B5B5E /* set_refview.png in Resources */,
				0F98865D1647AEA3005B5B5E /* set_view.png in Resources */,
				0F98865E1647AEA3005B5B5E /* slogan.png in Resources */,
				0F98865F1647AEA3005B5B5E /* 多域名查询白框.png in Resources */,
				0F9886601647AEA3005B5B5E /* suffix_background.png in Resources */,
				0F9886611647AEA3005B5B5E /* suffix_line.png in Resources */,
				0F9886621647AEA3005B5B5E /* suffix_notselected.png in Resources */,
				0F9886631647AEA3005B5B5E /* suffix_selected.png in Resources */,
				0F9886641647AEA3005B5B5E /* smile.png in Resources */,
				0F9886651647AEA3005B5B5E /* test_button.png in Resources */,
				0F9886661647AEA3005B5B5E /* test_detal.png in Resources */,
				0F9886671647AEA3005B5B5E /* test_graybutton.png in Resources */,
				0F9886681647AEA3005B5B5E /* test_ground.png in Resources */,
				0F9886691647AEA3005B5B5E /* test_jiankong.png in Resources */,
				0F98866A1647AEA3005B5B5E /* test_pickground.png in Resources */,
				0F98866B1647AEA3005B5B5E /* test_return.png in Resources */,
				0F98866C1647AEA3005B5B5E /* test_seach.png in Resources */,
				0F98866D1647AEA3005B5B5E /* test_seachback.png in Resources */,
				0F98866E1647AEA3005B5B5E /* whois_传真.png in Resources */,
				0F98866F1647AEA3005B5B5E /* whois_体检.png in Resources */,
				0F9886701647AEA3005B5B5E /* whois_单位.png in Resources */,
				0F9886711647AEA3005B5B5E /* whois_地址.png in Resources */,
				0F9886721647AEA3005B5B5E /* whois_域名.png in Resources */,
				0F9886731647AEA3005B5B5E /* whois_收藏图标.png in Resources */,
				0F9886741647AEA3005B5B5E /* whois_时间.png in Resources */,
				0F9886751647AEA3005B5B5E /* whois_服务器.png in Resources */,
				0F9886761647AEA3005B5B5E /* whois_注册人姓名.png in Resources */,
				0F9886771647AEA3005B5B5E /* whois_注册商.png in Resources */,
				0F9886781647AEA3005B5B5E /* whois_状态.png in Resources */,
				0F9886791647AEA3005B5B5E /* whois_电话.png in Resources */,
				0F98867A1647AEA3005B5B5E /* whois_背景.png in Resources */,
				0F98867B1647AEA3005B5B5E /* whois_输入框.png in Resources */,
				0F98867C1647AEA3005B5B5E /* whois_邮箱.png in Resources */,
				0F98867D1647AEA3005B5B5E /* 右侧按钮.png in Resources */,
				0F98867E1647AEA3005B5B5E /* set_delallbutton.png in Resources */,
				0F98867F1647AEA3005B5B5E /* set_downbutton.png in Resources */,
				0F9886801647AEA3005B5B5E /* set_titlebutton.png in Resources */,
				0F9886811647AEA3005B5B5E /* 消息推送按钮.png in Resources */,
				0F9886821647AEA3005B5B5E /* 消息推送按钮on.png in Resources */,
				0F9886831647AEA3005B5B5E /* 收藏.png in Resources */,
				0F9886841647AEA3005B5B5E /* 监控按钮.png in Resources */,
				0F9886851647AEA3005B5B5E /* 编辑.png in Resources */,
				0F9886861647AEA3005B5B5E /* 背景.png in Resources */,
				0F9886871647AEA3005B5B5E /* 返回按钮.png in Resources */,
				0F9886921647AF13005B5B5E /* Default.png in Resources */,
				0F9886931647AF13005B5B5E /* Default@2x.png in Resources */,
				0F9886941647AF13005B5B5E /* Icon-72.png in Resources */,
				0F9886951647AF13005B5B5E /* Icon-72@2x.png in Resources */,
				0F9886961647AF13005B5B5E /* Icon-Small.png in Resources */,
				0F9886971647AF13005B5B5E /* Icon-Small@2x.png in Resources */,
				0F9886981647AF13005B5B5E /* Icon.png in Resources */,
				0F9886991647AF13005B5B5E /* Icon@2x.png in Resources */,
				0F98869A1647AF13005B5B5E /* iTunesArtwork in Resources */,
				0FF329231647B5E900ECFC33 /* RootViewController.xib in Resources */,
			);
			runOnlyForDeploymentPostprocessing = 0;
		};
/* End PBXResourcesBuildPhase section */

/* Begin PBXSourcesBuildPhase section */
		0F9885781647AD7C005B5B5E /* Sources */ = {
			isa = PBXSourcesBuildPhase;
			buildActionMask = 2147483647;
			files = (
				0F98858D1647AD7C005B5B5E /* main.m in Sources */,
				0F9885911647AD7C005B5B5E /* AppDelegate.m in Sources */,
				0FF329221647B5E900ECFC33 /* RootViewController.m in Sources */,
			);
			runOnlyForDeploymentPostprocessing = 0;
		};
/* End PBXSourcesBuildPhase section */

/* Begin PBXVariantGroup section */
		0F9885891647AD7C005B5B5E /* InfoPlist.strings */ = {
			isa = PBXVariantGroup;
			children = (
				0F98858A1647AD7C005B5B5E /* en */,
			);
			name = InfoPlist.strings;
			sourceTree = "<group>";
		};
/* End PBXVariantGroup section */

/* Begin XCBuildConfiguration section */
		0F9885921647AD7C005B5B5E /* Debug */ = {
			isa = XCBuildConfiguration;
			buildSettings = {
				ALWAYS_SEARCH_USER_PATHS = NO;
				ARCHS = "$(ARCHS_STANDARD_32_BIT)";
				"CODE_SIGN_IDENTITY[sdk=iphoneos*]" = "iPhone Developer";
				COPY_PHASE_STRIP = NO;
				GCC_C_LANGUAGE_STANDARD = gnu99;
				GCC_DYNAMIC_NO_PIC = NO;
				GCC_OPTIMIZATION_LEVEL = 0;
				GCC_PREPROCESSOR_DEFINITIONS = (
					"DEBUG=1",
					"$(inherited)",
				);
				GCC_SYMBOLS_PRIVATE_EXTERN = NO;
				GCC_VERSION = com.apple.compilers.llvm.clang.1_0;
				GCC_WARN_ABOUT_MISSING_PROTOTYPES = YES;
				GCC_WARN_ABOUT_RETURN_TYPE = YES;
				GCC_WARN_UNUSED_VARIABLE = YES;
				IPHONEOS_DEPLOYMENT_TARGET = 5.0;
				SDKROOT = iphoneos;
			};
			name = Debug;
		};
		0F9885931647AD7C005B5B5E /* Release */ = {
			isa = XCBuildConfiguration;
			buildSettings = {
				ALWAYS_SEARCH_USER_PATHS = NO;
				ARCHS = "$(ARCHS_STANDARD_32_BIT)";
				"CODE_SIGN_IDENTITY[sdk=iphoneos*]" = "iPhone Developer";
				COPY_PHASE_STRIP = YES;
				GCC_C_LANGUAGE_STANDARD = gnu99;
				GCC_VERSION = com.apple.compilers.llvm.clang.1_0;
				GCC_WARN_ABOUT_MISSING_PROTOTYPES = YES;
				GCC_WARN_ABOUT_RETURN_TYPE = YES;
				GCC_WARN_UNUSED_VARIABLE = YES;
				IPHONEOS_DEPLOYMENT_TARGET = 5.0;
				OTHER_CFLAGS = "-DNS_BLOCK_ASSERTIONS=1";
				SDKROOT = iphoneos;
				VALIDATE_PRODUCT = YES;
			};
			name = Release;
		};
		0F9885951647AD7C005B5B5E /* Debug */ = {
			isa = XCBuildConfiguration;
			buildSettings = {
				GCC_PRECOMPILE_PREFIX_HEADER = YES;
				GCC_PREFIX_HEADER = "移动万网/移动万网-Prefix.pch";
				INFOPLIST_FILE = "移动万网/移动万网-Info.plist";
				PRODUCT_NAME = "$(TARGET_NAME)";
				WRAPPER_EXTENSION = app;
			};
			name = Debug;
		};
		0F9885961647AD7C005B5B5E /* Release */ = {
			isa = XCBuildConfiguration;
			buildSettings = {
				GCC_PRECOMPILE_PREFIX_HEADER = YES;
				GCC_PREFIX_HEADER = "移动万网/移动万网-Prefix.pch";
				INFOPLIST_FILE = "移动万网/移动万网-Info.plist";
				PRODUCT_NAME = "$(TARGET_NAME)";
				WRAPPER_EXTENSION = app;
			};
			name = Release;
		};
/* End XCBuildConfiguration section */

/* Begin XCConfigurationList section */
		0F9885761647AD7B005B5B5E /* Build configuration list for PBXProject "移动万网" */ = {
			isa = XCConfigurationList;
			buildConfigurations = (
				0F9885921647AD7C005B5B5E /* Debug */,
				0F9885931647AD7C005B5B5E /* Release */,
			);
			defaultConfigurationIsVisible = 0;
			defaultConfigurationName = Release;
		};
		0F9885941647AD7C005B5B5E /* Build configuration list for PBXNativeTarget "移动万网" */ = {
			isa = XCConfigurationList;
			buildConfigurations = (
				0F9885951647AD7C005B5B5E /* Debug */,
				0F9885961647AD7C005B5B5E /* Release */,
			);
			defaultConfigurationIsVisible = 0;
			defaultConfigurationName = Release;
		};
/* End XCConfigurationList section */
	};
	rootObject = 0F9885731647AD7B005B5B5E /* Project object */;
}
